
Microsoft Visual Studio Solution File, Format Version 12.00
# Visual Studio Version 17
VisualStudioVersion = 17.10.35013.160
MinimumVisualStudioVersion = 10.0.40219.1
Project("{FAE04EC0-301F-11D3-BF4B-00C04F79EFBC}") = "Dashboard", "Dashboard.csproj", "{316371F0-D27A-4524-954D-F2ADA366C279}"
EndProject
Global
	GlobalSection(SolutionConfigurationPlatforms) = preSolution
		Debug|Any CPU = Debug|Any CPU
		Release|Any CPU = Release|Any CPU
	EndGlobalSection
	GlobalSection(ProjectConfigurationPlatforms) = postSolution
		{316371F0-D27A-4524-954D-F2ADA366C279}.Debug|Any CPU.ActiveCfg = Debug|Any CPU
		{316371F0-D27A-4524-954D-F2ADA366C279}.Debug|Any CPU.Build.0 = Debug|Any CPU
		{316371F0-D27A-4524-954D-F2ADA366C279}.Release|Any CPU.ActiveCfg = Release|Any CPU
		{316371F0-D27A-4524-954D-F2ADA366C279}.Release|Any CPU.Build.0 = Release|Any CPU
	EndGlobalSection
	GlobalSection(SolutionProperties) = preSolution
		HideSolutionNode = FALSE
	EndGlobalSection
	GlobalSection(ExtensibilityGlobals) = postSolution
		SolutionGuid = {C0A2F74F-BA27-4D20-B025-55DAED576636}
	EndGlobalSection
EndGlobal
